
Microsoft Visual Studio Solution File, Format Version 12.00
# Visual Studio Version 17
VisualStudioVersion = 17.8.34511.84
MinimumVisualStudioVersion = 10.0.40219.1
Project("{FAE04EC0-301F-11D3-BF4B-00C04F79EFBC}") = "Client", "Client.csproj", "{CC270B48-4E2C-46FB-8EE6-CF1C17EE9EF6}"
EndProject
Global
	GlobalSection(SolutionConfigurationPlatforms) = preSolution
		Debug|Any CPU = Debug|Any CPU
		Release|Any CPU = Release|Any CPU
	EndGlobalSection
	GlobalSection(ProjectConfigurationPlatforms) = postSolution
		{CC270B48-4E2C-46FB-8EE6-CF1C17EE9EF6}.Debug|Any CPU.ActiveCfg = Debug|Any CPU
		{CC270B48-4E2C-46FB-8EE6-CF1C17EE9EF6}.Debug|Any CPU.Build.0 = Debug|Any CPU
		{CC270B48-4E2C-46FB-8EE6-CF1C17EE9EF6}.Release|Any CPU.ActiveCfg = Release|Any CPU
		{CC270B48-4E2C-46FB-8EE6-CF1C17EE9EF6}.Release|Any CPU.Build.0 = Release|Any CPU
	EndGlobalSection
	GlobalSection(SolutionProperties) = preSolution
		HideSolutionNode = FALSE
	EndGlobalSection
	GlobalSection(ExtensibilityGlobals) = postSolution
		SolutionGuid = {7B7605FC-FB83-434B-A47D-5974C5B4B10C}
	EndGlobalSection
EndGlobal
